// !$*UTF8*$!
{
	archiveVersion = 1;
	classes = {
	};
	objectVersion = 56;
	objects = {

/* Begin PBXBuildFile section */
		487F42212C18428C00B8887F /* NewsViewModel.swift in Sources */ = {isa = PBXBuildFile; fileRef = 487F42202C18428C00B8887F /* NewsViewModel.swift */; };
		487F42312C18949600B8887F /* BusinessViewModel.swift in Sources */ = {isa = PBXBuildFile; fileRef = 487F42302C18949600B8887F /* BusinessViewModel.swift */; };
		48CA7A7B2C10CBC900836F41 /* GeneralCollectionViewCell.swift in Sources */ = {isa = PBXBuildFile; fileRef = 48CA7A7A2C10CBC900836F41 /* GeneralCollectionViewCell.swift */; };
		48CA7A7E2C1194ED00836F41 /* NewsViewController.swift in Sources */ = {isa = PBXBuildFile; fileRef = 48CA7A7D2C1194ED00836F41 /* NewsViewController.swift */; };
		48CA7A812C11989F00836F41 /* UIView+Ex.swift in Sources */ = {isa = PBXBuildFile; fileRef = 48CA7A802C11989F00836F41 /* UIView+Ex.swift */; };
		48CA7A842C119AA200836F41 /* SnapKit in Frameworks */ = {isa = PBXBuildFile; productRef = 48CA7A832C119AA200836F41 /* SnapKit */; };
		48CA7AB22C1433C100836F41 /* DetailCollectionViewCell.swift in Sources */ = {isa = PBXBuildFile; fileRef = 48CA7AB12C1433C100836F41 /* DetailCollectionViewCell.swift */; };
		48CA7AB42C15D10500836F41 /* GeneralViewModel.swift in Sources */ = {isa = PBXBuildFile; fileRef = 48CA7AB32C15D10500836F41 /* GeneralViewModel.swift */; };
		48CA7AB72C15D33500836F41 /* NewsResponseObject.swift in Sources */ = {isa = PBXBuildFile; fileRef = 48CA7AB62C15D33500836F41 /* NewsResponseObject.swift */; };
		48CA7AB92C15D3A500836F41 /* ArticleResponseObject.swift in Sources */ = {isa = PBXBuildFile; fileRef = 48CA7AB82C15D3A500836F41 /* ArticleResponseObject.swift */; };
		48CA7ABC2C16D75600836F41 /* ArticleCellViewModel.swift in Sources */ = {isa = PBXBuildFile; fileRef = 48CA7ABB2C16D75600836F41 /* ArticleCellViewModel.swift */; };
		48CA7AC02C17087400836F41 /* APIManager.swift in Sources */ = {isa = PBXBuildFile; fileRef = 48CA7ABF2C17087400836F41 /* APIManager.swift */; };
		48CA7AC32C17089C00836F41 /* NetworkingError.swift in Sources */ = {isa = PBXBuildFile; fileRef = 48CA7AC22C17089C00836F41 /* NetworkingError.swift */; };
		48F9CCCB2C0F23DA0085532E /* AppDelegate.swift in Sources */ = {isa = PBXBuildFile; fileRef = 48F9CCCA2C0F23DA0085532E /* AppDelegate.swift */; };
		48F9CCCF2C0F23DA0085532E /* GeneralViewController.swift in Sources */ = {isa = PBXBuildFile; fileRef = 48F9CCCE2C0F23DA0085532E /* GeneralViewController.swift */; };
		48F9CCD42C0F23DC0085532E /* Assets.xcassets in Resources */ = {isa = PBXBuildFile; fileRef = 48F9CCD32C0F23DC0085532E /* Assets.xcassets */; };
		48F9CCD72C0F23DC0085532E /* Base in Resources */ = {isa = PBXBuildFile; fileRef = 48F9CCD62C0F23DC0085532E /* Base */; };
		48F9CCDF2C0F2F300085532E /* BusinessViewController.swift in Sources */ = {isa = PBXBuildFile; fileRef = 48F9CCDE2C0F2F300085532E /* BusinessViewController.swift */; };
		48F9CCE12C0F2F450085532E /* TechnologyViewController.swift in Sources */ = {isa = PBXBuildFile; fileRef = 48F9CCE02C0F2F450085532E /* TechnologyViewController.swift */; };
		48F9CCE32C0F389F0085532E /* TabBarController.swift in Sources */ = {isa = PBXBuildFile; fileRef = 48F9CCE22C0F389F0085532E /* TabBarController.swift */; };
/* End PBXBuildFile section */

/* Begin PBXFileReference section */
		487F42202C18428C00B8887F /* NewsViewModel.swift */ = {isa = PBXFileReference; lastKnownFileType = sourcecode.swift; path = NewsViewModel.swift; sourceTree = "<group>"; };
		487F42302C18949600B8887F /* BusinessViewModel.swift */ = {isa = PBXFileReference; lastKnownFileType = sourcecode.swift; path = BusinessViewModel.swift; sourceTree = "<group>"; };
		48CA7A7A2C10CBC900836F41 /* GeneralCollectionViewCell.swift */ = {isa = PBXFileReference; lastKnownFileType = sourcecode.swift; path = GeneralCollectionViewCell.swift; sourceTree = "<group>"; };
		48CA7A7D2C1194ED00836F41 /* NewsViewController.swift */ = {isa = PBXFileReference; lastKnownFileType = sourcecode.swift; path = NewsViewController.swift; sourceTree = "<group>"; };
		48CA7A802C11989F00836F41 /* UIView+Ex.swift */ = {isa = PBXFileReference; lastKnownFileType = sourcecode.swift; path = "UIView+Ex.swift"; sourceTree = "<group>"; };
		48CA7AB12C1433C100836F41 /* DetailCollectionViewCell.swift */ = {isa = PBXFileReference; lastKnownFileType = sourcecode.swift; path = DetailCollectionViewCell.swift; sourceTree = "<group>"; };
		48CA7AB32C15D10500836F41 /* GeneralViewModel.swift */ = {isa = PBXFileReference; lastKnownFileType = sourcecode.swift; path = GeneralViewModel.swift; sourceTree = "<group>"; };
		48CA7AB62C15D33500836F41 /* NewsResponseObject.swift */ = {isa = PBXFileReference; lastKnownFileType = sourcecode.swift; path = NewsResponseObject.swift; sourceTree = "<group>"; };
		48CA7AB82C15D3A500836F41 /* ArticleResponseObject.swift */ = {isa = PBXFileReference; lastKnownFileType = sourcecode.swift; path = ArticleResponseObject.swift; sourceTree = "<group>"; };
		48CA7ABB2C16D75600836F41 /* ArticleCellViewModel.swift */ = {isa = PBXFileReference; lastKnownFileType = sourcecode.swift; path = ArticleCellViewModel.swift; sourceTree = "<group>"; };
		48CA7ABF2C17087400836F41 /* APIManager.swift */ = {isa = PBXFileReference; lastKnownFileType = sourcecode.swift; path = APIManager.swift; sourceTree = "<group>"; };
		48CA7AC22C17089C00836F41 /* NetworkingError.swift */ = {isa = PBXFileReference; lastKnownFileType = sourcecode.swift; path = NetworkingError.swift; sourceTree = "<group>"; };
		48F9CCC72C0F23DA0085532E /* NewsApp.app */ = {isa = PBXFileReference; explicitFileType = wrapper.application; includeInIndex = 0; path = NewsApp.app; sourceTree = BUILT_PRODUCTS_DIR; };
		48F9CCCA2C0F23DA0085532E /* AppDelegate.swift */ = {isa = PBXFileReference; lastKnownFileType = sourcecode.swift; path = AppDelegate.swift; sourceTree = "<group>"; };
		48F9CCCE2C0F23DA0085532E /* GeneralViewController.swift */ = {isa = PBXFileReference; lastKnownFileType = sourcecode.swift; path = GeneralViewController.swift; sourceTree = "<group>"; };
		48F9CCD32C0F23DC0085532E /* Assets.xcassets */ = {isa = PBXFileReference; lastKnownFileType = folder.assetcatalog; path = Assets.xcassets; sourceTree = "<group>"; };
		48F9CCD62C0F23DC0085532E /* Base */ = {isa = PBXFileReference; lastKnownFileType = file.storyboard; name = Base; path = Base.lproj/LaunchScreen.storyboard; sourceTree = "<group>"; };
		48F9CCD82C0F23DC0085532E /* Info.plist */ = {isa = PBXFileReference; lastKnownFileType = text.plist.xml; path = Info.plist; sourceTree = "<group>"; };
		48F9CCDE2C0F2F300085532E /* BusinessViewController.swift */ = {isa = PBXFileReference; lastKnownFileType = sourcecode.swift; path = BusinessViewController.swift; sourceTree = "<group>"; };
		48F9CCE02C0F2F450085532E /* TechnologyViewController.swift */ = {isa = PBXFileReference; lastKnownFileType = sourcecode.swift; path = TechnologyViewController.swift; sourceTree = "<group>"; };
		48F9CCE22C0F389F0085532E /* TabBarController.swift */ = {isa = PBXFileReference; lastKnownFileType = sourcecode.swift; path = TabBarController.swift; sourceTree = "<group>"; };
/* End PBXFileReference section */

/* Begin PBXFrameworksBuildPhase section */
		48F9CCC42C0F23DA0085532E /* Frameworks */ = {
			isa = PBXFrameworksBuildPhase;
			buildActionMask = 2147483647;
			files = (
				48CA7A842C119AA200836F41 /* SnapKit in Frameworks */,
			);
			runOnlyForDeploymentPostprocessing = 0;
		};
/* End PBXFrameworksBuildPhase section */

/* Begin PBXGroup section */
		487F422F2C18944C00B8887F /* ViewModel */ = {
			isa = PBXGroup;
			children = (
				487F42302C18949600B8887F /* BusinessViewModel.swift */,
			);
			path = ViewModel;
			sourceTree = "<group>";
		};
		48CA7A742C10C96C00836F41 /* General */ = {
			isa = PBXGroup;
			children = (
				48CA7ABA2C15D3D300836F41 /* Model */,
				48CA7A772C10CB3500836F41 /* View */,
				48CA7AB52C15D10900836F41 /* ViewModel */,
			);
			path = General;
			sourceTree = "<group>";
		};
		48CA7A752C10C97800836F41 /* Business */ = {
			isa = PBXGroup;
			children = (
				48CA7A782C10CB4000836F41 /* View */,
				487F422F2C18944C00B8887F /* ViewModel */,
			);
			path = Business;
			sourceTree = "<group>";
		};
		48CA7A762C10C98000836F41 /* Technology */ = {
			isa = PBXGroup;
			children = (
				48CA7A792C10CB4600836F41 /* View */,
			);
			path = Technology;
			sourceTree = "<group>";
		};
		48CA7A772C10CB3500836F41 /* View */ = {
			isa = PBXGroup;
			children = (
				48F9CCCE2C0F23DA0085532E /* GeneralViewController.swift */,
				48CA7A7A2C10CBC900836F41 /* GeneralCollectionViewCell.swift */,
			);
			path = View;
			sourceTree = "<group>";
		};
		48CA7A782C10CB4000836F41 /* View */ = {
			isa = PBXGroup;
			children = (
				48F9CCDE2C0F2F300085532E /* BusinessViewController.swift */,
				48CA7AB12C1433C100836F41 /* DetailCollectionViewCell.swift */,
			);
			path = View;
			sourceTree = "<group>";
		};
		48CA7A792C10CB4600836F41 /* View */ = {
			isa = PBXGroup;
			children = (
				48F9CCE02C0F2F450085532E /* TechnologyViewController.swift */,
			);
			path = View;
			sourceTree = "<group>";
		};
		48CA7A7C2C1194D800836F41 /* News */ = {
			isa = PBXGroup;
			children = (
				48CA7A7D2C1194ED00836F41 /* NewsViewController.swift */,
				487F42202C18428C00B8887F /* NewsViewModel.swift */,
			);
			path = News;
			sourceTree = "<group>";
		};
		48CA7A7F2C11988800836F41 /* Extensions */ = {
			isa = PBXGroup;
			children = (
				48CA7A802C11989F00836F41 /* UIView+Ex.swift */,
			);
			path = Extensions;
			sourceTree = "<group>";
		};
		48CA7AB52C15D10900836F41 /* ViewModel */ = {
			isa = PBXGroup;
			children = (
				48CA7AB32C15D10500836F41 /* GeneralViewModel.swift */,
				48CA7ABB2C16D75600836F41 /* ArticleCellViewModel.swift */,
			);
			path = ViewModel;
			sourceTree = "<group>";
		};
		48CA7ABA2C15D3D300836F41 /* Model */ = {
			isa = PBXGroup;
			children = (
				48CA7AB82C15D3A500836F41 /* ArticleResponseObject.swift */,
				48CA7AB62C15D33500836F41 /* NewsResponseObject.swift */,
			);
			path = Model;
			sourceTree = "<group>";
		};
		48CA7ABD2C16DEBE00836F41 /* App */ = {
			isa = PBXGroup;
			children = (
				48F9CCCA2C0F23DA0085532E /* AppDelegate.swift */,
				48F9CCE22C0F389F0085532E /* TabBarController.swift */,
				48F9CCD52C0F23DC0085532E /* LaunchScreen.storyboard */,
				48F9CCD82C0F23DC0085532E /* Info.plist */,
			);
			path = App;
			sourceTree = "<group>";
		};
		48CA7ABE2C16DEF500836F41 /* Resource */ = {
			isa = PBXGroup;
			children = (
				48F9CCD32C0F23DC0085532E /* Assets.xcassets */,
			);
			path = Resource;
			sourceTree = "<group>";
		};
		48CA7AC12C17088000836F41 /* Networking */ = {
			isa = PBXGroup;
			children = (
				48CA7ABF2C17087400836F41 /* APIManager.swift */,
				48CA7AC22C17089C00836F41 /* NetworkingError.swift */,
			);
			path = Networking;
			sourceTree = "<group>";
		};
		48F9CCBE2C0F23DA0085532E = {
			isa = PBXGroup;
			children = (
				48F9CCC92C0F23DA0085532E /* NewsApp */,
				48F9CCC82C0F23DA0085532E /* Products */,
			);
			sourceTree = "<group>";
		};
		48F9CCC82C0F23DA0085532E /* Products */ = {
			isa = PBXGroup;
			children = (
				48F9CCC72C0F23DA0085532E /* NewsApp.app */,
			);
			name = Products;
			sourceTree = "<group>";
		};
		48F9CCC92C0F23DA0085532E /* NewsApp */ = {
			isa = PBXGroup;
			children = (
				48CA7ABD2C16DEBE00836F41 /* App */,
				48CA7AC12C17088000836F41 /* Networking */,
				48CA7A742C10C96C00836F41 /* General */,
				48CA7A7C2C1194D800836F41 /* News */,
				48CA7A752C10C97800836F41 /* Business */,
				48CA7A762C10C98000836F41 /* Technology */,
				48CA7A7F2C11988800836F41 /* Extensions */,
				48CA7ABE2C16DEF500836F41 /* Resource */,
			);
			path = NewsApp;
			sourceTree = "<group>";
		};
/* End PBXGroup section */

/* Begin PBXNativeTarget section */
		48F9CCC62C0F23DA0085532E /* NewsApp */ = {
			isa = PBXNativeTarget;
			buildConfigurationList = 48F9CCDB2C0F23DC0085532E /* Build configuration list for PBXNativeTarget "NewsApp" */;
			buildPhases = (
				48F9CCC32C0F23DA0085532E /* Sources */,
				48F9CCC42C0F23DA0085532E /* Frameworks */,
				48F9CCC52C0F23DA0085532E /* Resources */,
			);
			buildRules = (
			);
			dependencies = (
			);
			name = NewsApp;
			packageProductDependencies = (
				48CA7A832C119AA200836F41 /* SnapKit */,
			);
			productName = NewsApp;
			productReference = 48F9CCC72C0F23DA0085532E /* NewsApp.app */;
			productType = "com.apple.product-type.application";
		};
/* End PBXNativeTarget section */

/* Begin PBXProject section */
		48F9CCBF2C0F23DA0085532E /* Project object */ = {
			isa = PBXProject;
			attributes = {
				BuildIndependentTargetsInParallel = 1;
				LastSwiftUpdateCheck = 1530;
				LastUpgradeCheck = 1530;
				TargetAttributes = {
					48F9CCC62C0F23DA0085532E = {
						CreatedOnToolsVersion = 15.3;
					};
				};
			};
			buildConfigurationList = 48F9CCC22C0F23DA0085532E /* Build configuration list for PBXProject "NewsApp" */;
			compatibilityVersion = "Xcode 14.0";
			developmentRegion = en;
			hasScannedForEncodings = 0;
			knownRegions = (
				en,
				Base,
			);
			mainGroup = 48F9CCBE2C0F23DA0085532E;
			packageReferences = (
				48CA7A822C119AA200836F41 /* XCRemoteSwiftPackageReference "SnapKit" */,
			);
			productRefGroup = 48F9CCC82C0F23DA0085532E /* Products */;
			projectDirPath = "";
			projectRoot = "";
			targets = (
				48F9CCC62C0F23DA0085532E /* NewsApp */,
			);
		};
/* End PBXProject section */

/* Begin PBXResourcesBuildPhase section */
		48F9CCC52C0F23DA0085532E /* Resources */ = {
			isa = PBXResourcesBuildPhase;
			buildActionMask = 2147483647;
			files = (
				48F9CCD42C0F23DC0085532E /* Assets.xcassets in Resources */,
				48F9CCD72C0F23DC0085532E /* Base in Resources */,
			);
			runOnlyForDeploymentPostprocessing = 0;
		};
/* End PBXResourcesBuildPhase section */

/* Begin PBXSourcesBuildPhase section */
		48F9CCC32C0F23DA0085532E /* Sources */ = {
			isa = PBXSourcesBuildPhase;
			buildActionMask = 2147483647;
			files = (
				48CA7AB92C15D3A500836F41 /* ArticleResponseObject.swift in Sources */,
				48F9CCE12C0F2F450085532E /* TechnologyViewController.swift in Sources */,
				48CA7A7B2C10CBC900836F41 /* GeneralCollectionViewCell.swift in Sources */,
				487F42312C18949600B8887F /* BusinessViewModel.swift in Sources */,
				48F9CCDF2C0F2F300085532E /* BusinessViewController.swift in Sources */,
				48CA7AC32C17089C00836F41 /* NetworkingError.swift in Sources */,
				48CA7A812C11989F00836F41 /* UIView+Ex.swift in Sources */,
				48F9CCCF2C0F23DA0085532E /* GeneralViewController.swift in Sources */,
				487F42212C18428C00B8887F /* NewsViewModel.swift in Sources */,
				48CA7AC02C17087400836F41 /* APIManager.swift in Sources */,
				48CA7ABC2C16D75600836F41 /* ArticleCellViewModel.swift in Sources */,
				48CA7A7E2C1194ED00836F41 /* NewsViewController.swift in Sources */,
				48F9CCE32C0F389F0085532E /* TabBarController.swift in Sources */,
				48CA7AB72C15D33500836F41 /* NewsResponseObject.swift in Sources */,
				48CA7AB42C15D10500836F41 /* GeneralViewModel.swift in Sources */,
				48F9CCCB2C0F23DA0085532E /* AppDelegate.swift in Sources */,
				48CA7AB22C1433C100836F41 /* DetailCollectionViewCell.swift in Sources */,
			);
			runOnlyForDeploymentPostprocessing = 0;
		};
/* End PBXSourcesBuildPhase section */

/* Begin PBXVariantGroup section */
		48F9CCD52C0F23DC0085532E /* LaunchScreen.storyboard */ = {
			isa = PBXVariantGroup;
			children = (
				48F9CCD62C0F23DC0085532E /* Base */,
			);
			name = LaunchScreen.storyboard;
			sourceTree = "<group>";
		};
/* End PBXVariantGroup section */

/* Begin XCBuildConfiguration section */
		48F9CCD92C0F23DC0085532E /* Debug */ = {
			isa = XCBuildConfiguration;
			buildSettings = {
				ALWAYS_SEARCH_USER_PATHS = NO;
				ASSETCATALOG_COMPILER_GENERATE_SWIFT_ASSET_SYMBOL_EXTENSIONS = YES;
				CLANG_ANALYZER_NONNULL = YES;
				CLANG_ANALYZER_NUMBER_OBJECT_CONVERSION = YES_AGGRESSIVE;
				CLANG_CXX_LANGUAGE_STANDARD = "gnu++20";
				CLANG_ENABLE_MODULES = YES;
				CLANG_ENABLE_OBJC_ARC = YES;
				CLANG_ENABLE_OBJC_WEAK = YES;
				CLANG_WARN_BLOCK_CAPTURE_AUTORELEASING = YES;
				CLANG_WARN_BOOL_CONVERSION = YES;
				CLANG_WARN_COMMA = YES;
				CLANG_WARN_CONSTANT_CONVERSION = YES;
				CLANG_WARN_DEPRECATED_OBJC_IMPLEMENTATIONS = YES;
				CLANG_WARN_DIRECT_OBJC_ISA_USAGE = YES_ERROR;
				CLANG_WARN_DOCUMENTATION_COMMENTS = YES;
				CLANG_WARN_EMPTY_BODY = YES;
				CLANG_WARN_ENUM_CONVERSION = YES;
				CLANG_WARN_INFINITE_RECURSION = YES;
				CLANG_WARN_INT_CONVERSION = YES;
				CLANG_WARN_NON_LITERAL_NULL_CONVERSION = YES;
				CLANG_WARN_OBJC_IMPLICIT_RETAIN_SELF = YES;
				CLANG_WARN_OBJC_LITERAL_CONVERSION = YES;
				CLANG_WARN_OBJC_ROOT_CLASS = YES_ERROR;
				CLANG_WARN_QUOTED_INCLUDE_IN_FRAMEWORK_HEADER = YES;
				CLANG_WARN_RANGE_LOOP_ANALYSIS = YES;
				CLANG_WARN_STRICT_PROTOTYPES = YES;
				CLANG_WARN_SUSPICIOUS_MOVE = YES;
				CLANG_WARN_UNGUARDED_AVAILABILITY = YES_AGGRESSIVE;
				CLANG_WARN_UNREACHABLE_CODE = YES;
				CLANG_WARN__DUPLICATE_METHOD_MATCH = YES;
				COPY_PHASE_STRIP = NO;
				DEBUG_INFORMATION_FORMAT = dwarf;
				ENABLE_STRICT_OBJC_MSGSEND = YES;
				ENABLE_TESTABILITY = YES;
				ENABLE_USER_SCRIPT_SANDBOXING = YES;
				GCC_C_LANGUAGE_STANDARD = gnu17;
				GCC_DYNAMIC_NO_PIC = NO;
				GCC_NO_COMMON_BLOCKS = YES;
				GCC_OPTIMIZATION_LEVEL = 0;
				GCC_PREPROCESSOR_DEFINITIONS = (
					"DEBUG=1",
					"$(inherited)",
				);
				GCC_WARN_64_TO_32_BIT_CONVERSION = YES;
				GCC_WARN_ABOUT_RETURN_TYPE = YES_ERROR;
				GCC_WARN_UNDECLARED_SELECTOR = YES;
				GCC_WARN_UNINITIALIZED_AUTOS = YES_AGGRESSIVE;
				GCC_WARN_UNUSED_FUNCTION = YES;
				GCC_WARN_UNUSED_VARIABLE = YES;
				IPHONEOS_DEPLOYMENT_TARGET = 17.4;
				LOCALIZATION_PREFERS_STRING_CATALOGS = YES;
				MTL_ENABLE_DEBUG_INFO = INCLUDE_SOURCE;
				MTL_FAST_MATH = YES;
				ONLY_ACTIVE_ARCH = YES;
				SDKROOT = iphoneos;
				SWIFT_ACTIVE_COMPILATION_CONDITIONS = "DEBUG $(inherited)";
				SWIFT_OPTIMIZATION_LEVEL = "-Onone";
			};
			name = Debug;
		};
		48F9CCDA2C0F23DC0085532E /* Release */ = {
			isa = XCBuildConfiguration;
			buildSettings = {
				ALWAYS_SEARCH_USER_PATHS = NO;
				ASSETCATALOG_COMPILER_GENERATE_SWIFT_ASSET_SYMBOL_EXTENSIONS = YES;
				CLANG_ANALYZER_NONNULL = YES;
				CLANG_ANALYZER_NUMBER_OBJECT_CONVERSION = YES_AGGRESSIVE;
				CLANG_CXX_LANGUAGE_STANDARD = "gnu++20";
				CLANG_ENABLE_MODULES = YES;
				CLANG_ENABLE_OBJC_ARC = YES;
				CLANG_ENABLE_OBJC_WEAK = YES;
				CLANG_WARN_BLOCK_CAPTURE_AUTORELEASING = YES;
				CLANG_WARN_BOOL_CONVERSION = YES;
				CLANG_WARN_COMMA = YES;
				CLANG_WARN_CONSTANT_CONVERSION = YES;
				CLANG_WARN_DEPRECATED_OBJC_IMPLEMENTATIONS = YES;
				CLANG_WARN_DIRECT_OBJC_ISA_USAGE = YES_ERROR;
				CLANG_WARN_DOCUMENTATION_COMMENTS = YES;
				CLANG_WARN_EMPTY_BODY = YES;
				CLANG_WARN_ENUM_CONVERSION = YES;
				CLANG_WARN_INFINITE_RECURSION = YES;
				CLANG_WARN_INT_CONVERSION = YES;
				CLANG_WARN_NON_LITERAL_NULL_CONVERSION = YES;
				CLANG_WARN_OBJC_IMPLICIT_RETAIN_SELF = YES;
				CLANG_WARN_OBJC_LITERAL_CONVERSION = YES;
				CLANG_WARN_OBJC_ROOT_CLASS = YES_ERROR;
				CLANG_WARN_QUOTED_INCLUDE_IN_FRAMEWORK_HEADER = YES;
				CLANG_WARN_RANGE_LOOP_ANALYSIS = YES;
				CLANG_WARN_STRICT_PROTOTYPES = YES;
				CLANG_WARN_SUSPICIOUS_MOVE = YES;
				CLANG_WARN_UNGUARDED_AVAILABILITY = YES_AGGRESSIVE;
				CLANG_WARN_UNREACHABLE_CODE = YES;
				CLANG_WARN__DUPLICATE_METHOD_MATCH = YES;
				COPY_PHASE_STRIP = NO;
				DEBUG_INFORMATION_FORMAT = "dwarf-with-dsym";
				ENABLE_NS_ASSERTIONS = NO;
				ENABLE_STRICT_OBJC_MSGSEND = YES;
				ENABLE_USER_SCRIPT_SANDBOXING = YES;
				GCC_C_LANGUAGE_STANDARD = gnu17;
				GCC_NO_COMMON_BLOCKS = YES;
				GCC_WARN_64_TO_32_BIT_CONVERSION = YES;
				GCC_WARN_ABOUT_RETURN_TYPE = YES_ERROR;
				GCC_WARN_UNDECLARED_SELECTOR = YES;
				GCC_WARN_UNINITIALIZED_AUTOS = YES_AGGRESSIVE;
				GCC_WARN_UNUSED_FUNCTION = YES;
				GCC_WARN_UNUSED_VARIABLE = YES;
				IPHONEOS_DEPLOYMENT_TARGET = 17.4;
				LOCALIZATION_PREFERS_STRING_CATALOGS = YES;
				MTL_ENABLE_DEBUG_INFO = NO;
				MTL_FAST_MATH = YES;
				SDKROOT = iphoneos;
				SWIFT_COMPILATION_MODE = wholemodule;
				VALIDATE_PRODUCT = YES;
			};
			name = Release;
		};
		48F9CCDC2C0F23DC0085532E /* Debug */ = {
			isa = XCBuildConfiguration;
			buildSettings = {
				ASSETCATALOG_COMPILER_APPICON_NAME = AppIcon;
				ASSETCATALOG_COMPILER_GLOBAL_ACCENT_COLOR_NAME = AccentColor;
				CODE_SIGN_STYLE = Automatic;
				CURRENT_PROJECT_VERSION = 1;
				DEVELOPMENT_TEAM = TUPKULQZ9B;
				GENERATE_INFOPLIST_FILE = YES;
				INFOPLIST_FILE = NewsApp/App/Info.plist;
				INFOPLIST_KEY_UIApplicationSupportsIndirectInputEvents = YES;
				INFOPLIST_KEY_UILaunchStoryboardName = LaunchScreen;
				INFOPLIST_KEY_UISupportedInterfaceOrientations = "UIInterfaceOrientationLandscapeLeft UIInterfaceOrientationLandscapeRight UIInterfaceOrientationPortrait";
				INFOPLIST_KEY_UISupportedInterfaceOrientations_iPad = "UIInterfaceOrientationLandscapeLeft UIInterfaceOrientationLandscapeRight UIInterfaceOrientationPortrait UIInterfaceOrientationPortraitUpsideDown";
				IPHONEOS_DEPLOYMENT_TARGET = 16.0;
				LD_RUNPATH_SEARCH_PATHS = (
					"$(inherited)",
					"@executable_path/Frameworks",
				);
				MARKETING_VERSION = 1.0;
				PRODUCT_BUNDLE_IDENTIFIER = com.sivozelezov.NewsApp;
				PRODUCT_NAME = "$(TARGET_NAME)";
				SUPPORTED_PLATFORMS = "iphoneos iphonesimulator";
				SUPPORTS_MACCATALYST = NO;
				SUPPORTS_MAC_DESIGNED_FOR_IPHONE_IPAD = NO;
				SUPPORTS_XR_DESIGNED_FOR_IPHONE_IPAD = NO;
				SWIFT_EMIT_LOC_STRINGS = YES;
				SWIFT_VERSION = 5.0;
				TARGETED_DEVICE_FAMILY = 1;
			};
			name = Debug;
		};
		48F9CCDD2C0F23DC0085532E /* Release */ = {
			isa = XCBuildConfiguration;
			buildSettings = {
				ASSETCATALOG_COMPILER_APPICON_NAME = AppIcon;
				ASSETCATALOG_COMPILER_GLOBAL_ACCENT_COLOR_NAME = AccentColor;
				CODE_SIGN_STYLE = Automatic;
				CURRENT_PROJECT_VERSION = 1;
				DEVELOPMENT_TEAM = TUPKULQZ9B;
				GENERATE_INFOPLIST_FILE = YES;
				INFOPLIST_FILE = NewsApp/App/Info.plist;
				INFOPLIST_KEY_UIApplicationSupportsIndirectInputEvents = YES;
				INFOPLIST_KEY_UILaunchStoryboardName = LaunchScreen;
				INFOPLIST_KEY_UISupportedInterfaceOrientations = "UIInterfaceOrientationLandscapeLeft UIInterfaceOrientationLandscapeRight UIInterfaceOrientationPortrait";
				INFOPLIST_KEY_UISupportedInterfaceOrientations_iPad = "UIInterfaceOrientationLandscapeLeft UIInterfaceOrientationLandscapeRight UIInterfaceOrientationPortrait UIInterfaceOrientationPortraitUpsideDown";
				IPHONEOS_DEPLOYMENT_TARGET = 16.0;
				LD_RUNPATH_SEARCH_PATHS = (
					"$(inherited)",
					"@executable_path/Frameworks",
				);
				MARKETING_VERSION = 1.0;
				PRODUCT_BUNDLE_IDENTIFIER = com.sivozelezov.NewsApp;
				PRODUCT_NAME = "$(TARGET_NAME)";
				SUPPORTED_PLATFORMS = "iphoneos iphonesimulator";
				SUPPORTS_MACCATALYST = NO;
				SUPPORTS_MAC_DESIGNED_FOR_IPHONE_IPAD = NO;
				SUPPORTS_XR_DESIGNED_FOR_IPHONE_IPAD = NO;
				SWIFT_EMIT_LOC_STRINGS = YES;
				SWIFT_VERSION = 5.0;
				TARGETED_DEVICE_FAMILY = 1;
			};
			name = Release;
		};
/* End XCBuildConfiguration section */

/* Begin XCConfigurationList section */
		48F9CCC22C0F23DA0085532E /* Build configuration list for PBXProject "NewsApp" */ = {
			isa = XCConfigurationList;
			buildConfigurations = (
				48F9CCD92C0F23DC0085532E /* Debug */,
				48F9CCDA2C0F23DC0085532E /* Release */,
			);
			defaultConfigurationIsVisible = 0;
			defaultConfigurationName = Release;
		};
		48F9CCDB2C0F23DC0085532E /* Build configuration list for PBXNativeTarget "NewsApp" */ = {
			isa = XCConfigurationList;
			buildConfigurations = (
				48F9CCDC2C0F23DC0085532E /* Debug */,
				48F9CCDD2C0F23DC0085532E /* Release */,
			);
			defaultConfigurationIsVisible = 0;
			defaultConfigurationName = Release;
		};
/* End XCConfigurationList section */

/* Begin XCRemoteSwiftPackageReference section */
		48CA7A822C119AA200836F41 /* XCRemoteSwiftPackageReference "SnapKit" */ = {
			isa = XCRemoteSwiftPackageReference;
			repositoryURL = "https://github.com/SnapKit/SnapKit";
			requirement = {
				kind = upToNextMajorVersion;
				minimumVersion = 5.7.1;
			};
		};
/* End XCRemoteSwiftPackageReference section */

/* Begin XCSwiftPackageProductDependency section */
		48CA7A832C119AA200836F41 /* SnapKit */ = {
			isa = XCSwiftPackageProductDependency;
			package = 48CA7A822C119AA200836F41 /* XCRemoteSwiftPackageReference "SnapKit" */;
			productName = SnapKit;
		};
/* End XCSwiftPackageProductDependency section */
	};
	rootObject = 48F9CCBF2C0F23DA0085532E /* Project object */;
}
